// !$*UTF8*$!
{
	archiveVersion = 1;
	classes = {
	};
	objectVersion = 50;
	objects = {

/* Begin PBXBuildFile section */
		930CFFC72472E5D000E3E3CC /* AppDelegate.swift in Sources */ = {isa = PBXBuildFile; fileRef = 930CFFC62472E5D000E3E3CC /* AppDelegate.swift */; };
		930CFFC92472E5D000E3E3CC /* SceneDelegate.swift in Sources */ = {isa = PBXBuildFile; fileRef = 930CFFC82472E5D000E3E3CC /* SceneDelegate.swift */; };
		930CFFCB2472E5D000E3E3CC /* ViewController.swift in Sources */ = {isa = PBXBuildFile; fileRef = 930CFFCA2472E5D000E3E3CC /* ViewController.swift */; };
		930CFFD02472E5D200E3E3CC /* Assets.xcassets in Resources */ = {isa = PBXBuildFile; fileRef = 930CFFCF2472E5D200E3E3CC /* Assets.xcassets */; };
		930CFFD32472E5D200E3E3CC /* LaunchScreen.storyboard in Resources */ = {isa = PBXBuildFile; fileRef = 930CFFD12472E5D200E3E3CC /* LaunchScreen.storyboard */; };
		935BD3C4247D1A6E003F23D9 /* Main.storyboard in Resources */ = {isa = PBXBuildFile; fileRef = 935BD3C3247D1A6E003F23D9 /* Main.storyboard */; };
		93649B7E2477F73D007BB234 /* BalanceWeight.swift in Sources */ = {isa = PBXBuildFile; fileRef = 93649B7D2477F73D007BB234 /* BalanceWeight.swift */; };
		937EBAD424770AA800B76F5D /* bmi_Translate_Value_bmi_for_needle.swift in Sources */ = {isa = PBXBuildFile; fileRef = 937EBAD324770AA800B76F5D /* bmi_Translate_Value_bmi_for_needle.swift */; };
		937EBAE32477146200B76F5D /* CalculNeedle.swift in Sources */ = {isa = PBXBuildFile; fileRef = 937EBAE22477146200B76F5D /* CalculNeedle.swift */; };
		937EBAE52477179700B76F5D /* Foo.swift in Sources */ = {isa = PBXBuildFile; fileRef = 937EBAE42477179700B76F5D /* Foo.swift */; };
/* End PBXBuildFile section */

/* Begin PBXContainerItemProxy section */
		937EBAD624770AA800B76F5D /* PBXContainerItemProxy */ = {
			isa = PBXContainerItemProxy;
			containerPortal = 930CFFBB2472E5D000E3E3CC /* Project object */;
			proxyType = 1;
			remoteGlobalIDString = 930CFFC22472E5D000E3E3CC;
			remoteInfo = "bmi-wheel";
		};
/* End PBXContainerItemProxy section */

/* Begin PBXFileReference section */
		930CFFC32472E5D000E3E3CC /* bmi-wheel.app */ = {isa = PBXFileReference; explicitFileType = wrapper.application; includeInIndex = 0; path = "bmi-wheel.app"; sourceTree = BUILT_PRODUCTS_DIR; };
		930CFFC62472E5D000E3E3CC /* AppDelegate.swift */ = {isa = PBXFileReference; lastKnownFileType = sourcecode.swift; path = AppDelegate.swift; sourceTree = "<group>"; };
		930CFFC82472E5D000E3E3CC /* SceneDelegate.swift */ = {isa = PBXFileReference; lastKnownFileType = sourcecode.swift; path = SceneDelegate.swift; sourceTree = "<group>"; };
		930CFFCA2472E5D000E3E3CC /* ViewController.swift */ = {isa = PBXFileReference; lastKnownFileType = sourcecode.swift; path = ViewController.swift; sourceTree = "<group>"; };
		930CFFCF2472E5D200E3E3CC /* Assets.xcassets */ = {isa = PBXFileReference; lastKnownFileType = folder.assetcatalog; path = Assets.xcassets; sourceTree = "<group>"; };
		930CFFD22472E5D200E3E3CC /* Base */ = {isa = PBXFileReference; lastKnownFileType = file.storyboard; name = Base; path = Base.lproj/LaunchScreen.storyboard; sourceTree = "<group>"; };
		930CFFD42472E5D200E3E3CC /* Info.plist */ = {isa = PBXFileReference; lastKnownFileType = text.plist.xml; path = Info.plist; sourceTree = "<group>"; };
		935BD3C3247D1A6E003F23D9 /* Main.storyboard */ = {isa = PBXFileReference; lastKnownFileType = file.storyboard; path = Main.storyboard; sourceTree = "<group>"; };
		93649B7D2477F73D007BB234 /* BalanceWeight.swift */ = {isa = PBXFileReference; lastKnownFileType = sourcecode.swift; path = BalanceWeight.swift; sourceTree = "<group>"; };
		937EBAD124770AA800B76F5D /* bmi-Translate-Value-bmi-for-needle.xctest */ = {isa = PBXFileReference; explicitFileType = wrapper.cfbundle; includeInIndex = 0; path = "bmi-Translate-Value-bmi-for-needle.xctest"; sourceTree = BUILT_PRODUCTS_DIR; };
		937EBAD324770AA800B76F5D /* bmi_Translate_Value_bmi_for_needle.swift */ = {isa = PBXFileReference; lastKnownFileType = sourcecode.swift; path = bmi_Translate_Value_bmi_for_needle.swift; sourceTree = "<group>"; };
		937EBAD524770AA800B76F5D /* Info.plist */ = {isa = PBXFileReference; lastKnownFileType = text.plist.xml; path = Info.plist; sourceTree = "<group>"; };
		937EBAE22477146200B76F5D /* CalculNeedle.swift */ = {isa = PBXFileReference; lastKnownFileType = sourcecode.swift; path = CalculNeedle.swift; sourceTree = "<group>"; };
		937EBAE42477179700B76F5D /* Foo.swift */ = {isa = PBXFileReference; lastKnownFileType = sourcecode.swift; path = Foo.swift; sourceTree = "<group>"; };
/* End PBXFileReference section */

/* Begin PBXFrameworksBuildPhase section */
		930CFFC02472E5D000E3E3CC /* Frameworks */ = {
			isa = PBXFrameworksBuildPhase;
			buildActionMask = 2147483647;
			files = (
			);
			runOnlyForDeploymentPostprocessing = 0;
		};
		937EBACE24770AA800B76F5D /* Frameworks */ = {
			isa = PBXFrameworksBuildPhase;
			buildActionMask = 2147483647;
			files = (
			);
			runOnlyForDeploymentPostprocessing = 0;
		};
/* End PBXFrameworksBuildPhase section */

/* Begin PBXGroup section */
		930CFFBA2472E5D000E3E3CC = {
			isa = PBXGroup;
			children = (
				930CFFC52472E5D000E3E3CC /* bmi-wheel */,
				937EBAD224770AA800B76F5D /* bmi-Translate-Value-bmi-for-needle */,
				930CFFC42472E5D000E3E3CC /* Products */,
			);
			sourceTree = "<group>";
		};
		930CFFC42472E5D000E3E3CC /* Products */ = {
			isa = PBXGroup;
			children = (
				930CFFC32472E5D000E3E3CC /* bmi-wheel.app */,
				937EBAD124770AA800B76F5D /* bmi-Translate-Value-bmi-for-needle.xctest */,
			);
			name = Products;
			sourceTree = "<group>";
		};
		930CFFC52472E5D000E3E3CC /* bmi-wheel */ = {
			isa = PBXGroup;
			children = (
				937EBAE42477179700B76F5D /* Foo.swift */,
				937EBAE124770DF600B76F5D /* BMI-mainView */,
				937EBADE24770DA600B76F5D /* App */,
				937EBADF24770DBE00B76F5D /* Storyboard */,
				937EBAE024770DD100B76F5D /* Ressources */,
				930CFFD42472E5D200E3E3CC /* Info.plist */,
			);
			path = "bmi-wheel";
			sourceTree = "<group>";
		};
		937EBAD224770AA800B76F5D /* bmi-Translate-Value-bmi-for-needle */ = {
			isa = PBXGroup;
			children = (
				937EBAD324770AA800B76F5D /* bmi_Translate_Value_bmi_for_needle.swift */,
				937EBAD524770AA800B76F5D /* Info.plist */,
			);
			path = "bmi-Translate-Value-bmi-for-needle";
			sourceTree = "<group>";
		};
		937EBADB24770CDA00B76F5D /* Model */ = {
			isa = PBXGroup;
			children = (
				937EBAE22477146200B76F5D /* CalculNeedle.swift */,
				93649B7D2477F73D007BB234 /* BalanceWeight.swift */,
			);
			path = Model;
			sourceTree = "<group>";
		};
		937EBADC24770CE500B76F5D /* ViewModel */ = {
			isa = PBXGroup;
			children = (
			);
			path = ViewModel;
			sourceTree = "<group>";
		};
		937EBADD24770CF100B76F5D /* View */ = {
			isa = PBXGroup;
			children = (
				930CFFCA2472E5D000E3E3CC /* ViewController.swift */,
			);
			path = View;
			sourceTree = "<group>";
		};
		937EBADE24770DA600B76F5D /* App */ = {
			isa = PBXGroup;
			children = (
				930CFFC62472E5D000E3E3CC /* AppDelegate.swift */,
				930CFFC82472E5D000E3E3CC /* SceneDelegate.swift */,
			);
			path = App;
			sourceTree = "<group>";
		};
		937EBADF24770DBE00B76F5D /* Storyboard */ = {
			isa = PBXGroup;
			children = (
				930CFFD12472E5D200E3E3CC /* LaunchScreen.storyboard */,
				935BD3C3247D1A6E003F23D9 /* Main.storyboard */,
			);
			path = Storyboard;
			sourceTree = "<group>";
		};
		937EBAE024770DD100B76F5D /* Ressources */ = {
			isa = PBXGroup;
			children = (
				930CFFCF2472E5D200E3E3CC /* Assets.xcassets */,
			);
			path = Ressources;
			sourceTree = "<group>";
		};
		937EBAE124770DF600B76F5D /* BMI-mainView */ = {
			isa = PBXGroup;
			children = (
				937EBADD24770CF100B76F5D /* View */,
				937EBADC24770CE500B76F5D /* ViewModel */,
				937EBADB24770CDA00B76F5D /* Model */,
			);
			path = "BMI-mainView";
			sourceTree = "<group>";
		};
/* End PBXGroup section */

/* Begin PBXNativeTarget section */
		930CFFC22472E5D000E3E3CC /* bmi-wheel */ = {
			isa = PBXNativeTarget;
			buildConfigurationList = 930CFFD72472E5D200E3E3CC /* Build configuration list for PBXNativeTarget "bmi-wheel" */;
			buildPhases = (
				930CFFBF2472E5D000E3E3CC /* Sources */,
				930CFFC02472E5D000E3E3CC /* Frameworks */,
				930CFFC12472E5D000E3E3CC /* Resources */,
			);
			buildRules = (
			);
			dependencies = (
			);
			name = "bmi-wheel";
			productName = "bmi-wheel";
			productReference = 930CFFC32472E5D000E3E3CC /* bmi-wheel.app */;
			productType = "com.apple.product-type.application";
		};
		937EBAD024770AA800B76F5D /* bmi-Translate-Value-bmi-for-needle */ = {
			isa = PBXNativeTarget;
			buildConfigurationList = 937EBADA24770AA800B76F5D /* Build configuration list for PBXNativeTarget "bmi-Translate-Value-bmi-for-needle" */;
			buildPhases = (
				937EBACD24770AA800B76F5D /* Sources */,
				937EBACE24770AA800B76F5D /* Frameworks */,
				937EBACF24770AA800B76F5D /* Resources */,
			);
			buildRules = (
			);
			dependencies = (
				937EBAD724770AA800B76F5D /* PBXTargetDependency */,
			);
			name = "bmi-Translate-Value-bmi-for-needle";
			productName = "bmi-Translate-Value-bmi-for-needle";
			productReference = 937EBAD124770AA800B76F5D /* bmi-Translate-Value-bmi-for-needle.xctest */;
			productType = "com.apple.product-type.bundle.unit-test";
		};
/* End PBXNativeTarget section */

/* Begin PBXProject section */
		930CFFBB2472E5D000E3E3CC /* Project object */ = {
			isa = PBXProject;
			attributes = {
				LastSwiftUpdateCheck = 1140;
				LastUpgradeCheck = 1140;
				ORGANIZATIONNAME = "Eddy R";
				TargetAttributes = {
					930CFFC22472E5D000E3E3CC = {
						CreatedOnToolsVersion = 11.4.1;
					};
					937EBAD024770AA800B76F5D = {
						CreatedOnToolsVersion = 11.4.1;
						TestTargetID = 930CFFC22472E5D000E3E3CC;
					};
				};
			};
			buildConfigurationList = 930CFFBE2472E5D000E3E3CC /* Build configuration list for PBXProject "bmi-wheel" */;
			compatibilityVersion = "Xcode 9.3";
			developmentRegion = en;
			hasScannedForEncodings = 0;
			knownRegions = (
				en,
				Base,
			);
			mainGroup = 930CFFBA2472E5D000E3E3CC;
			productRefGroup = 930CFFC42472E5D000E3E3CC /* Products */;
			projectDirPath = "";
			projectRoot = "";
			targets = (
				930CFFC22472E5D000E3E3CC /* bmi-wheel */,
				937EBAD024770AA800B76F5D /* bmi-Translate-Value-bmi-for-needle */,
			);
		};
/* End PBXProject section */

/* Begin PBXResourcesBuildPhase section */
		930CFFC12472E5D000E3E3CC /* Resources */ = {
			isa = PBXResourcesBuildPhase;
			buildActionMask = 2147483647;
			files = (
				935BD3C4247D1A6E003F23D9 /* Main.storyboard in Resources */,
				930CFFD32472E5D200E3E3CC /* LaunchScreen.storyboard in Resources */,
				930CFFD02472E5D200E3E3CC /* Assets.xcassets in Resources */,
			);
			runOnlyForDeploymentPostprocessing = 0;
		};
		937EBACF24770AA800B76F5D /* Resources */ = {
			isa = PBXResourcesBuildPhase;
			buildActionMask = 2147483647;
			files = (
			);
			runOnlyForDeploymentPostprocessing = 0;
		};
/* End PBXResourcesBuildPhase section */

/* Begin PBXSourcesBuildPhase section */
		930CFFBF2472E5D000E3E3CC /* Sources */ = {
			isa = PBXSourcesBuildPhase;
			buildActionMask = 2147483647;
			files = (
				93649B7E2477F73D007BB234 /* BalanceWeight.swift in Sources */,
				930CFFCB2472E5D000E3E3CC /* ViewController.swift in Sources */,
				930CFFC72472E5D000E3E3CC /* AppDelegate.swift in Sources */,
				937EBAE52477179700B76F5D /* Foo.swift in Sources */,
				930CFFC92472E5D000E3E3CC /* SceneDelegate.swift in Sources */,
				937EBAE32477146200B76F5D /* CalculNeedle.swift in Sources */,
			);
			runOnlyForDeploymentPostprocessing = 0;
		};
		937EBACD24770AA800B76F5D /* Sources */ = {
			isa = PBXSourcesBuildPhase;
			buildActionMask = 2147483647;
			files = (
				937EBAD424770AA800B76F5D /* bmi_Translate_Value_bmi_for_needle.swift in Sources */,
			);
			runOnlyForDeploymentPostprocessing = 0;
		};
/* End PBXSourcesBuildPhase section */

/* Begin PBXTargetDependency section */
		937EBAD724770AA800B76F5D /* PBXTargetDependency */ = {
			isa = PBXTargetDependency;
			target = 930CFFC22472E5D000E3E3CC /* bmi-wheel */;
			targetProxy = 937EBAD624770AA800B76F5D /* PBXContainerItemProxy */;
		};
/* End PBXTargetDependency section */

/* Begin PBXVariantGroup section */
		930CFFD12472E5D200E3E3CC /* LaunchScreen.storyboard */ = {
			isa = PBXVariantGroup;
			children = (
				930CFFD22472E5D200E3E3CC /* Base */,
			);
			name = LaunchScreen.storyboard;
			sourceTree = "<group>";
		};
/* End PBXVariantGroup section */

/* Begin XCBuildConfiguration section */
		930CFFD52472E5D200E3E3CC /* Debug */ = {
			isa = XCBuildConfiguration;
			buildSettings = {
				ALWAYS_SEARCH_USER_PATHS = NO;
				CLANG_ANALYZER_NONNULL = YES;
				CLANG_ANALYZER_NUMBER_OBJECT_CONVERSION = YES_AGGRESSIVE;
				CLANG_CXX_LANGUAGE_STANDARD = "gnu++14";
				CLANG_CXX_LIBRARY = "libc++";
				CLANG_ENABLE_MODULES = YES;
				CLANG_ENABLE_OBJC_ARC = YES;
				CLANG_ENABLE_OBJC_WEAK = YES;
				CLANG_WARN_BLOCK_CAPTURE_AUTORELEASING = YES;
				CLANG_WARN_BOOL_CONVERSION = YES;
				CLANG_WARN_COMMA = YES;
				CLANG_WARN_CONSTANT_CONVERSION = YES;
				CLANG_WARN_DEPRECATED_OBJC_IMPLEMENTATIONS = YES;
				CLANG_WARN_DIRECT_OBJC_ISA_USAGE = YES_ERROR;
				CLANG_WARN_DOCUMENTATION_COMMENTS = YES;
				CLANG_WARN_EMPTY_BODY = YES;
				CLANG_WARN_ENUM_CONVERSION = YES;
				CLANG_WARN_INFINITE_RECURSION = YES;
				CLANG_WARN_INT_CONVERSION = YES;
				CLANG_WARN_NON_LITERAL_NULL_CONVERSION = YES;
				CLANG_WARN_OBJC_IMPLICIT_RETAIN_SELF = YES;
				CLANG_WARN_OBJC_LITERAL_CONVERSION = YES;
				CLANG_WARN_OBJC_ROOT_CLASS = YES_ERROR;
				CLANG_WARN_RANGE_LOOP_ANALYSIS = YES;
				CLANG_WARN_STRICT_PROTOTYPES = YES;
				CLANG_WARN_SUSPICIOUS_MOVE = YES;
				CLANG_WARN_UNGUARDED_AVAILABILITY = YES_AGGRESSIVE;
				CLANG_WARN_UNREACHABLE_CODE = YES;
				CLANG_WARN__DUPLICATE_METHOD_MATCH = YES;
				COPY_PHASE_STRIP = NO;
				DEBUG_INFORMATION_FORMAT = dwarf;
				ENABLE_STRICT_OBJC_MSGSEND = YES;
				ENABLE_TESTABILITY = YES;
				GCC_C_LANGUAGE_STANDARD = gnu11;
				GCC_DYNAMIC_NO_PIC = NO;
				GCC_NO_COMMON_BLOCKS = YES;
				GCC_OPTIMIZATION_LEVEL = 0;
				GCC_PREPROCESSOR_DEFINITIONS = (
					"DEBUG=1",
					"$(inherited)",
				);
				GCC_WARN_64_TO_32_BIT_CONVERSION = YES;
				GCC_WARN_ABOUT_RETURN_TYPE = YES_ERROR;
				GCC_WARN_UNDECLARED_SELECTOR = YES;
				GCC_WARN_UNINITIALIZED_AUTOS = YES_AGGRESSIVE;
				GCC_WARN_UNUSED_FUNCTION = YES;
				GCC_WARN_UNUSED_VARIABLE = YES;
				IPHONEOS_DEPLOYMENT_TARGET = 13.4;
				MTL_ENABLE_DEBUG_INFO = INCLUDE_SOURCE;
				MTL_FAST_MATH = YES;
				ONLY_ACTIVE_ARCH = YES;
				SDKROOT = iphoneos;
				SWIFT_ACTIVE_COMPILATION_CONDITIONS = DEBUG;
				SWIFT_OPTIMIZATION_LEVEL = "-Onone";
			};
			name = Debug;
		};
		930CFFD62472E5D200E3E3CC /* Release */ = {
			isa = XCBuildConfiguration;
			buildSettings = {
				ALWAYS_SEARCH_USER_PATHS = NO;
				CLANG_ANALYZER_NONNULL = YES;
				CLANG_ANALYZER_NUMBER_OBJECT_CONVERSION = YES_AGGRESSIVE;
				CLANG_CXX_LANGUAGE_STANDARD = "gnu++14";
				CLANG_CXX_LIBRARY = "libc++";
				CLANG_ENABLE_MODULES = YES;
				CLANG_ENABLE_OBJC_ARC = YES;
				CLANG_ENABLE_OBJC_WEAK = YES;
				CLANG_WARN_BLOCK_CAPTURE_AUTORELEASING = YES;
				CLANG_WARN_BOOL_CONVERSION = YES;
				CLANG_WARN_COMMA = YES;
				CLANG_WARN_CONSTANT_CONVERSION = YES;
				CLANG_WARN_DEPRECATED_OBJC_IMPLEMENTATIONS = YES;
				CLANG_WARN_DIRECT_OBJC_ISA_USAGE = YES_ERROR;
				CLANG_WARN_DOCUMENTATION_COMMENTS = YES;
				CLANG_WARN_EMPTY_BODY = YES;
				CLANG_WARN_ENUM_CONVERSION = YES;
				CLANG_WARN_INFINITE_RECURSION = YES;
				CLANG_WARN_INT_CONVERSION = YES;
				CLANG_WARN_NON_LITERAL_NULL_CONVERSION = YES;
				CLANG_WARN_OBJC_IMPLICIT_RETAIN_SELF = YES;
				CLANG_WARN_OBJC_LITERAL_CONVERSION = YES;
				CLANG_WARN_OBJC_ROOT_CLASS = YES_ERROR;
				CLANG_WARN_RANGE_LOOP_ANALYSIS = YES;
				CLANG_WARN_STRICT_PROTOTYPES = YES;
				CLANG_WARN_SUSPICIOUS_MOVE = YES;
				CLANG_WARN_UNGUARDED_AVAILABILITY = YES_AGGRESSIVE;
				CLANG_WARN_UNREACHABLE_CODE = YES;
				CLANG_WARN__DUPLICATE_METHOD_MATCH = YES;
				COPY_PHASE_STRIP = NO;
				DEBUG_INFORMATION_FORMAT = "dwarf-with-dsym";
				ENABLE_NS_ASSERTIONS = NO;
				ENABLE_STRICT_OBJC_MSGSEND = YES;
				GCC_C_LANGUAGE_STANDARD = gnu11;
				GCC_NO_COMMON_BLOCKS = YES;
				GCC_WARN_64_TO_32_BIT_CONVERSION = YES;
				GCC_WARN_ABOUT_RETURN_TYPE = YES_ERROR;
				GCC_WARN_UNDECLARED_SELECTOR = YES;
				GCC_WARN_UNINITIALIZED_AUTOS = YES_AGGRESSIVE;
				GCC_WARN_UNUSED_FUNCTION = YES;
				GCC_WARN_UNUSED_VARIABLE = YES;
				IPHONEOS_DEPLOYMENT_TARGET = 13.4;
				MTL_ENABLE_DEBUG_INFO = NO;
				MTL_FAST_MATH = YES;
				SDKROOT = iphoneos;
				SWIFT_COMPILATION_MODE = wholemodule;
				SWIFT_OPTIMIZATION_LEVEL = "-O";
				VALIDATE_PRODUCT = YES;
			};
			name = Release;
		};
		930CFFD82472E5D200E3E3CC /* Debug */ = {
			isa = XCBuildConfiguration;
			buildSettings = {
				ASSETCATALOG_COMPILER_APPICON_NAME = AppIcon;
				CODE_SIGN_STYLE = Automatic;
				INFOPLIST_FILE = "bmi-wheel/Info.plist";
				LD_RUNPATH_SEARCH_PATHS = (
					"$(inherited)",
					"@executable_path/Frameworks",
				);
				PRODUCT_BUNDLE_IDENTIFIER = "Murphy.bmi-wheel";
				PRODUCT_NAME = "$(TARGET_NAME)";
				SWIFT_VERSION = 5.0;
				TARGETED_DEVICE_FAMILY = 1;
			};
			name = Debug;
		};
		930CFFD92472E5D200E3E3CC /* Release */ = {
			isa = XCBuildConfiguration;
			buildSettings = {
				ASSETCATALOG_COMPILER_APPICON_NAME = AppIcon;
				CODE_SIGN_STYLE = Automatic;
				INFOPLIST_FILE = "bmi-wheel/Info.plist";
				LD_RUNPATH_SEARCH_PATHS = (
					"$(inherited)",
					"@executable_path/Frameworks",
				);
				PRODUCT_BUNDLE_IDENTIFIER = "Murphy.bmi-wheel";
				PRODUCT_NAME = "$(TARGET_NAME)";
				SWIFT_VERSION = 5.0;
				TARGETED_DEVICE_FAMILY = 1;
			};
			name = Release;
		};
		937EBAD824770AA800B76F5D /* Debug */ = {
			isa = XCBuildConfiguration;
			buildSettings = {
				BUNDLE_LOADER = "$(TEST_HOST)";
				CODE_SIGN_STYLE = Automatic;
				INFOPLIST_FILE = "bmi-Translate-Value-bmi-for-needle/Info.plist";
				LD_RUNPATH_SEARCH_PATHS = (
					"$(inherited)",
					"@executable_path/Frameworks",
					"@loader_path/Frameworks",
				);
				PRODUCT_BUNDLE_IDENTIFIER = "Murphy.bmi-Translate-Value-bmi-for-needle";
				PRODUCT_NAME = "$(TARGET_NAME)";
				SWIFT_VERSION = 5.0;
				TARGETED_DEVICE_FAMILY = "1,2";
				TEST_HOST = "$(BUILT_PRODUCTS_DIR)/bmi-wheel.app/bmi-wheel";
			};
			name = Debug;
		};
		937EBAD924770AA800B76F5D /* Release */ = {
			isa = XCBuildConfiguration;
			buildSettings = {
				BUNDLE_LOADER = "$(TEST_HOST)";
				CODE_SIGN_STYLE = Automatic;
				INFOPLIST_FILE = "bmi-Translate-Value-bmi-for-needle/Info.plist";
				LD_RUNPATH_SEARCH_PATHS = (
					"$(inherited)",
					"@executable_path/Frameworks",
					"@loader_path/Frameworks",
				);
				PRODUCT_BUNDLE_IDENTIFIER = "Murphy.bmi-Translate-Value-bmi-for-needle";
				PRODUCT_NAME = "$(TARGET_NAME)";
				SWIFT_VERSION = 5.0;
				TARGETED_DEVICE_FAMILY = "1,2";
				TEST_HOST = "$(BUILT_PRODUCTS_DIR)/bmi-wheel.app/bmi-wheel";
			};
			name = Release;
		};
/* End XCBuildConfiguration section */

/* Begin XCConfigurationList section */
		930CFFBE2472E5D000E3E3CC /* Build configuration list for PBXProject "bmi-wheel" */ = {
			isa = XCConfigurationList;
			buildConfigurations = (
				930CFFD52472E5D200E3E3CC /* Debug */,
				930CFFD62472E5D200E3E3CC /* Release */,
			);
			defaultConfigurationIsVisible = 0;
			defaultConfigurationName = Release;
		};
		930CFFD72472E5D200E3E3CC /* Build configuration list for PBXNativeTarget "bmi-wheel" */ = {
			isa = XCConfigurationList;
			buildConfigurations = (
				930CFFD82472E5D200E3E3CC /* Debug */,
				930CFFD92472E5D200E3E3CC /* Release */,
			);
			defaultConfigurationIsVisible = 0;
			defaultConfigurationName = Release;
		};
		937EBADA24770AA800B76F5D /* Build configuration list for PBXNativeTarget "bmi-Translate-Value-bmi-for-needle" */ = {
			isa = XCConfigurationList;
			buildConfigurations = (
				937EBAD824770AA800B76F5D /* Debug */,
				937EBAD924770AA800B76F5D /* Release */,
			);
			defaultConfigurationIsVisible = 0;
			defaultConfigurationName = Release;
		};
/* End XCConfigurationList section */
	};
	rootObject = 930CFFBB2472E5D000E3E3CC /* Project object */;
}
